
Microsoft Visual Studio Solution File, Format Version 12.00
# Visual Studio 15
VisualStudioVersion = 15.0.28307.1169
MinimumVisualStudioVersion = 10.0.40219.1
Project("{888888A0-9F3D-457C-B088-3A5042F75D52}") = "make_data_amazing_demo", "make_data_amazing_demo\make_data_amazing_demo.pyproj", "{335AF0CB-EF75-4672-AA64-F1F805E6A1E0}"
EndProject
Global
	GlobalSection(SolutionConfigurationPlatforms) = preSolution
		Debug|Any CPU = Debug|Any CPU
		Release|Any CPU = Release|Any CPU
	EndGlobalSection
	GlobalSection(ProjectConfigurationPlatforms) = postSolution
		{335AF0CB-EF75-4672-AA64-F1F805E6A1E0}.Debug|Any CPU.ActiveCfg = Debug|Any CPU
		{335AF0CB-EF75-4672-AA64-F1F805E6A1E0}.Release|Any CPU.ActiveCfg = Release|Any CPU
	EndGlobalSection
	GlobalSection(SolutionProperties) = preSolution
		HideSolutionNode = FALSE
	EndGlobalSection
	GlobalSection(ExtensibilityGlobals) = postSolution
		SolutionGuid = {EF3101D3-31AF-4F17-B3C9-08FC4D3A9E57}
	EndGlobalSection
EndGlobal
